
Microsoft Visual Studio Solution File, Format Version 10.00
# Visual Studio 2008
Project("{FAE04EC0-301F-11D3-BF4B-00C04F79EFBC}") = "Safepad", "Safepad.csproj", "{4547B5A7-D466-4676-A366-9A892AA72080}"
	ProjectSection(ProjectDependencies) = postProject
		{46CBE078-AFB2-4C8E-B6EC-DD6A238037B2} = {46CBE078-AFB2-4C8E-B6EC-DD6A238037B2}
	EndProjectSection
EndProject
Project("{2150E333-8FDC-42A3-9474-1A3956D46DE8}") = "Solution Items", "Solution Items", "{9D3CB01E-B30C-4396-9713-E6B26107ED9F}"
	ProjectSection(SolutionItems) = preProject
		..\..\..\Program Files (x86)\Internet Explorer\iexplore.exe = ..\..\..\Program Files (x86)\Internet Explorer\iexplore.exe
	EndProjectSection
EndProject
Project("{FAE04EC0-301F-11D3-BF4B-00C04F79EFBC}") = "jhblib-cslibW32", "..\..\jhblib\cslibW32\jhblib-cslibW32.csproj", "{46CBE078-AFB2-4C8E-B6EC-DD6A238037B2}"
EndProject
Global
	GlobalSection(SolutionConfigurationPlatforms) = preSolution
		Debug|Any CPU = Debug|Any CPU
		Debug|x64 = Debug|x64
		Release|Any CPU = Release|Any CPU
		Release|x64 = Release|x64
	EndGlobalSection
	GlobalSection(ProjectConfigurationPlatforms) = postSolution
		{4547B5A7-D466-4676-A366-9A892AA72080}.Debug|Any CPU.ActiveCfg = Debug|Any CPU
		{4547B5A7-D466-4676-A366-9A892AA72080}.Debug|Any CPU.Build.0 = Debug|Any CPU
		{4547B5A7-D466-4676-A366-9A892AA72080}.Debug|x64.ActiveCfg = Debug|Any CPU
		{4547B5A7-D466-4676-A366-9A892AA72080}.Release|Any CPU.ActiveCfg = Release|Any CPU
		{4547B5A7-D466-4676-A366-9A892AA72080}.Release|Any CPU.Build.0 = Release|Any CPU
		{4547B5A7-D466-4676-A366-9A892AA72080}.Release|x64.ActiveCfg = Release|Any CPU
		{46CBE078-AFB2-4C8E-B6EC-DD6A238037B2}.Debug|Any CPU.ActiveCfg = Debug|Any CPU
		{46CBE078-AFB2-4C8E-B6EC-DD6A238037B2}.Debug|Any CPU.Build.0 = Debug|Any CPU
		{46CBE078-AFB2-4C8E-B6EC-DD6A238037B2}.Debug|x64.ActiveCfg = Debug|x64
		{46CBE078-AFB2-4C8E-B6EC-DD6A238037B2}.Debug|x64.Build.0 = Debug|x64
		{46CBE078-AFB2-4C8E-B6EC-DD6A238037B2}.Release|Any CPU.ActiveCfg = Release|Any CPU
		{46CBE078-AFB2-4C8E-B6EC-DD6A238037B2}.Release|Any CPU.Build.0 = Release|Any CPU
		{46CBE078-AFB2-4C8E-B6EC-DD6A238037B2}.Release|x64.ActiveCfg = Release|x64
		{46CBE078-AFB2-4C8E-B6EC-DD6A238037B2}.Release|x64.Build.0 = Release|x64
	EndGlobalSection
	GlobalSection(SolutionProperties) = preSolution
		HideSolutionNode = FALSE
	EndGlobalSection
	GlobalSection(NestedProjects) = preSolution
		{46CBE078-AFB2-4C8E-B6EC-DD6A238037B2} = {9D3CB01E-B30C-4396-9713-E6B26107ED9F}
	EndGlobalSection
EndGlobal
